hash: 01a18dae36b0b135951eaa3d214e3a35ec3fd05149f7c02a09d2cad956bcb2cd
updated: 2019-10-16T15:29:28.939365622-03:00
imports:
- name: github.com/bendahl/uinput
  version: bfe52b4632e60470f380582cc29ec54840116972
- name: github.com/konsorten/go-windows-terminal-sequences
  version: 5c8c8bd35d3832f5d134ae1e1e375b69a4d25242
- name: github.com/labstack/echo
  version: d286e285dcb6f909ea4f224663f22f7445f0287f
- name: github.com/labstack/gommon
  version: 2a618302b929cc20862dda3aa6f02f64dbe740dd
  subpackages:
  - color
  - log
- name: github.com/mattn/go-colorable
  version: efa589957cd060542a26d2dd7832fd6a6c6c3ade
- name: github.com/mattn/go-isatty
  version: 3fb116b820352b7f0c281308a4d6250c22d94e27
- name: github.com/sirupsen/logrus
  version: 839c75faf7f98a33d445d181f3018b5c3409a45e
- name: github.com/Sirupsen/logrus
  version: 839c75faf7f98a33d445d181f3018b5c3409a45e
- name: github.com/valyala/bytebufferpool
  version: cdfbe9377474227bb42120c1e22fd4433e7f69bf
- name: github.com/valyala/fasttemplate
  version: dcecefd839c4193db0d35b88ec65b4c12d360ab0
- name: golang.org/x/crypto
  version: 0c41d7ab0a0ee717d4590a44bcb987dfd9e183eb
  subpackages:
  - acme
  - acme/autocert
- name: golang.org/x/sys
  version: fa43e7bc11baaae89f3f902b2b4d832b68234844
  subpackages:
  - unix
testImports: []
